{
  "name": "site",
  "lockfileVersion": 2,
  "requires": true,
  "packages": {
    "": {
      "dependencies": {
        "@glidejs/glide": "^3.5.2",
        "@splidejs/splide": "^4.0.17"
      }
    },
    "node_modules/@glidejs/glide": {
      "version": "3.5.2",
      "resolved": "https://registry.npmjs.org/@glidejs/glide/-/glide-3.5.2.tgz",
      "integrity": "sha512-7jGciNJ2bQ4eZLSNlSZ+VAyW63kALf420CvkEpK4lEsUfWJq9odqimci0YCiyNyMUFB+pWHwLYyNc57dijYsCg=="
    },
    "node_modules/@splidejs/splide": {
      "version": "4.0.17",
      "resolved": "https://registry.npmjs.org/@splidejs/splide/-/splide-4.0.17.tgz",
      "integrity": "sha512-k67vDY0+hl7Qi+I+juOF+DO1KuRw+4RfV5x5SlIVrK60DmMzQvp2j9CqDzixUw3jDDoEaPTGY4BKy5SZSiFf1Q=="
    }
  },
  "dependencies": {
    "@glidejs/glide": {
      "version": "3.5.2",
      "resolved": "https://registry.npmjs.org/@glidejs/glide/-/glide-3.5.2.tgz",
      "integrity": "sha512-7jGciNJ2bQ4eZLSNlSZ+VAyW63kALf420CvkEpK4lEsUfWJq9odqimci0YCiyNyMUFB+pWHwLYyNc57dijYsCg=="
    },
    "@splidejs/splide": {
      "version": "4.0.17",
      "resolved": "https://registry.npmjs.org/@splidejs/splide/-/splide-4.0.17.tgz",
      "integrity": "sha512-k67vDY0+hl7Qi+I+juOF+DO1KuRw+4RfV5x5SlIVrK60DmMzQvp2j9CqDzixUw3jDDoEaPTGY4BKy5SZSiFf1Q=="
    }
  }
}
